
Microsoft Visual Studio Solution File, Format Version 12.00
# Visual Studio 15
VisualStudioVersion = 15.0.27703.2042
MinimumVisualStudioVersion = 10.0.40219.1
Project("{FAE04EC0-301F-11D3-BF4B-00C04F79EFBC}") = "ConsoleApp1", "ConsoleApp1\ConsoleApp1.csproj", "{8C63E80B-B7C0-4B99-87F3-F77B9AE2FB95}"
EndProject
Global
	GlobalSection(SolutionConfigurationPlatforms) = preSolution
		Debug|Any CPU = Debug|Any CPU
		Release|Any CPU = Release|Any CPU
	EndGlobalSection
	GlobalSection(ProjectConfigurationPlatforms) = postSolution
		{8C63E80B-B7C0-4B99-87F3-F77B9AE2FB95}.Debug|Any CPU.ActiveCfg = Debug|Any CPU
		{8C63E80B-B7C0-4B99-87F3-F77B9AE2FB95}.Debug|Any CPU.Build.0 = Debug|Any CPU
		{8C63E80B-B7C0-4B99-87F3-F77B9AE2FB95}.Release|Any CPU.ActiveCfg = Release|Any CPU
		{8C63E80B-B7C0-4B99-87F3-F77B9AE2FB95}.Release|Any CPU.Build.0 = Release|Any CPU
	EndGlobalSection
	GlobalSection(SolutionProperties) = preSolution
		HideSolutionNode = FALSE
	EndGlobalSection
	GlobalSection(ExtensibilityGlobals) = postSolution
		SolutionGuid = {027C73E1-3539-460F-BEAC-34784B5334B7}
	EndGlobalSection
EndGlobal
